
Microsoft Visual Studio Solution File, Format Version 12.00
# Visual Studio 15
VisualStudioVersion = 15.0.28307.168
MinimumVisualStudioVersion = 10.0.40219.1
Project("{FAE04EC0-301F-11D3-BF4B-00C04F79EFBC}") = "Altkom.GSK.Models", "Altkom.GSK.Models\Altkom.GSK.Models.csproj", "{C28978C7-523D-4EE8-B02A-71DC8586551F}"
EndProject
Global
	GlobalSection(SolutionConfigurationPlatforms) = preSolution
		Debug|Any CPU = Debug|Any CPU
		Release|Any CPU = Release|Any CPU
	EndGlobalSection
	GlobalSection(ProjectConfigurationPlatforms) = postSolution
		{C28978C7-523D-4EE8-B02A-71DC8586551F}.Debug|Any CPU.ActiveCfg = Debug|Any CPU
		{C28978C7-523D-4EE8-B02A-71DC8586551F}.Debug|Any CPU.Build.0 = Debug|Any CPU
		{C28978C7-523D-4EE8-B02A-71DC8586551F}.Release|Any CPU.ActiveCfg = Release|Any CPU
		{C28978C7-523D-4EE8-B02A-71DC8586551F}.Release|Any CPU.Build.0 = Release|Any CPU
	EndGlobalSection
	GlobalSection(SolutionProperties) = preSolution
		HideSolutionNode = FALSE
	EndGlobalSection
	GlobalSection(ExtensibilityGlobals) = postSolution
		SolutionGuid = {E70766E1-882D-49EA-8EA8-9EEFD4374496}
	EndGlobalSection
EndGlobal
